// !$*UTF8*$!
{
	archiveVersion = 1;
	classes = {
	};
	objectVersion = 50;
	objects = {

/* Begin PBXBuildFile section */
		3D797D3128AE93BB001F6A57 /* AppDelegate.swift in Sources */ = {isa = PBXBuildFile; fileRef = 3D797D3028AE93BB001F6A57 /* AppDelegate.swift */; };
		3D797D3328AE93BB001F6A57 /* ViewController.swift in Sources */ = {isa = PBXBuildFile; fileRef = 3D797D3228AE93BB001F6A57 /* ViewController.swift */; };
		3D797D3628AE93BB001F6A57 /* Main.storyboard in Resources */ = {isa = PBXBuildFile; fileRef = 3D797D3428AE93BB001F6A57 /* Main.storyboard */; };
		3D797D3828AE93CE001F6A57 /* Assets.xcassets in Resources */ = {isa = PBXBuildFile; fileRef = 3D797D3728AE93CE001F6A57 /* Assets.xcassets */; };
		3D797D3B28AE93CE001F6A57 /* LaunchScreen.storyboard in Resources */ = {isa = PBXBuildFile; fileRef = 3D797D3928AE93CE001F6A57 /* LaunchScreen.storyboard */; };
		3D797D4628AE93CE001F6A57 /* calculadoraPropinasTests.swift in Sources */ = {isa = PBXBuildFile; fileRef = 3D797D4528AE93CE001F6A57 /* calculadoraPropinasTests.swift */; };
		3D797D5128AE93CE001F6A57 /* calculadoraPropinasUITests.swift in Sources */ = {isa = PBXBuildFile; fileRef = 3D797D5028AE93CE001F6A57 /* calculadoraPropinasUITests.swift */; };
/* End PBXBuildFile section */

/* Begin PBXContainerItemProxy section */
		3D797D4228AE93CE001F6A57 /* PBXContainerItemProxy */ = {
			isa = PBXContainerItemProxy;
			containerPortal = 3D797D2528AE93BA001F6A57 /* Project object */;
			proxyType = 1;
			remoteGlobalIDString = 3D797D2C28AE93BB001F6A57;
			remoteInfo = calculadoraPropinas;
		};
		3D797D4D28AE93CE001F6A57 /* PBXContainerItemProxy */ = {
			isa = PBXContainerItemProxy;
			containerPortal = 3D797D2528AE93BA001F6A57 /* Project object */;
			proxyType = 1;
			remoteGlobalIDString = 3D797D2C28AE93BB001F6A57;
			remoteInfo = calculadoraPropinas;
		};
/* End PBXContainerItemProxy section */

/* Begin PBXFileReference section */
		3D797D2D28AE93BB001F6A57 /* calculadoraPropinas.app */ = {isa = PBXFileReference; explicitFileType = wrapper.application; includeInIndex = 0; path = calculadoraPropinas.app; sourceTree = BUILT_PRODUCTS_DIR; };
		3D797D3028AE93BB001F6A57 /* AppDelegate.swift */ = {isa = PBXFileReference; lastKnownFileType = sourcecode.swift; path = AppDelegate.swift; sourceTree = "<group>"; };
		3D797D3228AE93BB001F6A57 /* ViewController.swift */ = {isa = PBXFileReference; lastKnownFileType = sourcecode.swift; path = ViewController.swift; sourceTree = "<group>"; };
		3D797D3528AE93BB001F6A57 /* Base */ = {isa = PBXFileReference; lastKnownFileType = file.storyboard; name = Base; path = Base.lproj/Main.storyboard; sourceTree = "<group>"; };
		3D797D3728AE93CE001F6A57 /* Assets.xcassets */ = {isa = PBXFileReference; lastKnownFileType = folder.assetcatalog; path = Assets.xcassets; sourceTree = "<group>"; };
		3D797D3A28AE93CE001F6A57 /* Base */ = {isa = PBXFileReference; lastKnownFileType = file.storyboard; name = Base; path = Base.lproj/LaunchScreen.storyboard; sourceTree = "<group>"; };
		3D797D3C28AE93CE001F6A57 /* Info.plist */ = {isa = PBXFileReference; lastKnownFileType = text.plist.xml; path = Info.plist; sourceTree = "<group>"; };
		3D797D4128AE93CE001F6A57 /* calculadoraPropinasTests.xctest */ = {isa = PBXFileReference; explicitFileType = wrapper.cfbundle; includeInIndex = 0; path = calculadoraPropinasTests.xctest; sourceTree = BUILT_PRODUCTS_DIR; };
		3D797D4528AE93CE001F6A57 /* calculadoraPropinasTests.swift */ = {isa = PBXFileReference; lastKnownFileType = sourcecode.swift; path = calculadoraPropinasTests.swift; sourceTree = "<group>"; };
		3D797D4728AE93CE001F6A57 /* Info.plist */ = {isa = PBXFileReference; lastKnownFileType = text.plist.xml; path = Info.plist; sourceTree = "<group>"; };
		3D797D4C28AE93CE001F6A57 /* calculadoraPropinasUITests.xctest */ = {isa = PBXFileReference; explicitFileType = wrapper.cfbundle; includeInIndex = 0; path = calculadoraPropinasUITests.xctest; sourceTree = BUILT_PRODUCTS_DIR; };
		3D797D5028AE93CE001F6A57 /* calculadoraPropinasUITests.swift */ = {isa = PBXFileReference; lastKnownFileType = sourcecode.swift; path = calculadoraPropinasUITests.swift; sourceTree = "<group>"; };
		3D797D5228AE93CE001F6A57 /* Info.plist */ = {isa = PBXFileReference; lastKnownFileType = text.plist.xml; path = Info.plist; sourceTree = "<group>"; };
/* End PBXFileReference section */

/* Begin PBXFrameworksBuildPhase section */
		3D797D2A28AE93BB001F6A57 /* Frameworks */ = {
			isa = PBXFrameworksBuildPhase;
			buildActionMask = 2147483647;
			files = (
			);
			runOnlyForDeploymentPostprocessing = 0;
		};
		3D797D3E28AE93CE001F6A57 /* Frameworks */ = {
			isa = PBXFrameworksBuildPhase;
			buildActionMask = 2147483647;
			files = (
			);
			runOnlyForDeploymentPostprocessing = 0;
		};
		3D797D4928AE93CE001F6A57 /* Frameworks */ = {
			isa = PBXFrameworksBuildPhase;
			buildActionMask = 2147483647;
			files = (
			);
			runOnlyForDeploymentPostprocessing = 0;
		};
/* End PBXFrameworksBuildPhase section */

/* Begin PBXGroup section */
		3D797D2428AE93BA001F6A57 = {
			isa = PBXGroup;
			children = (
				3D797D2F28AE93BB001F6A57 /* calculadoraPropinas */,
				3D797D4428AE93CE001F6A57 /* calculadoraPropinasTests */,
				3D797D4F28AE93CE001F6A57 /* calculadoraPropinasUITests */,
				3D797D2E28AE93BB001F6A57 /* Products */,
			);
			sourceTree = "<group>";
		};
		3D797D2E28AE93BB001F6A57 /* Products */ = {
			isa = PBXGroup;
			children = (
				3D797D2D28AE93BB001F6A57 /* calculadoraPropinas.app */,
				3D797D4128AE93CE001F6A57 /* calculadoraPropinasTests.xctest */,
				3D797D4C28AE93CE001F6A57 /* calculadoraPropinasUITests.xctest */,
			);
			name = Products;
			sourceTree = "<group>";
		};
		3D797D2F28AE93BB001F6A57 /* calculadoraPropinas */ = {
			isa = PBXGroup;
			children = (
				3D797D3028AE93BB001F6A57 /* AppDelegate.swift */,
				3D797D3228AE93BB001F6A57 /* ViewController.swift */,
				3D797D3428AE93BB001F6A57 /* Main.storyboard */,
				3D797D3728AE93CE001F6A57 /* Assets.xcassets */,
				3D797D3928AE93CE001F6A57 /* LaunchScreen.storyboard */,
				3D797D3C28AE93CE001F6A57 /* Info.plist */,
			);
			path = calculadoraPropinas;
			sourceTree = "<group>";
		};
		3D797D4428AE93CE001F6A57 /* calculadoraPropinasTests */ = {
			isa = PBXGroup;
			children = (
				3D797D4528AE93CE001F6A57 /* calculadoraPropinasTests.swift */,
				3D797D4728AE93CE001F6A57 /* Info.plist */,
			);
			path = calculadoraPropinasTests;
			sourceTree = "<group>";
		};
		3D797D4F28AE93CE001F6A57 /* calculadoraPropinasUITests */ = {
			isa = PBXGroup;
			children = (
				3D797D5028AE93CE001F6A57 /* calculadoraPropinasUITests.swift */,
				3D797D5228AE93CE001F6A57 /* Info.plist */,
			);
			path = calculadoraPropinasUITests;
			sourceTree = "<group>";
		};
/* End PBXGroup section */

/* Begin PBXNativeTarget section */
		3D797D2C28AE93BB001F6A57 /* calculadoraPropinas */ = {
			isa = PBXNativeTarget;
			buildConfigurationList = 3D797D5528AE93CE001F6A57 /* Build configuration list for PBXNativeTarget "calculadoraPropinas" */;
			buildPhases = (
				3D797D2928AE93BB001F6A57 /* Sources */,
				3D797D2A28AE93BB001F6A57 /* Frameworks */,
				3D797D2B28AE93BB001F6A57 /* Resources */,
			);
			buildRules = (
			);
			dependencies = (
			);
			name = calculadoraPropinas;
			productName = calculadoraPropinas;
			productReference = 3D797D2D28AE93BB001F6A57 /* calculadoraPropinas.app */;
			productType = "com.apple.product-type.application";
		};
		3D797D4028AE93CE001F6A57 /* calculadoraPropinasTests */ = {
			isa = PBXNativeTarget;
			buildConfigurationList = 3D797D5828AE93CE001F6A57 /* Build configuration list for PBXNativeTarget "calculadoraPropinasTests" */;
			buildPhases = (
				3D797D3D28AE93CE001F6A57 /* Sources */,
				3D797D3E28AE93CE001F6A57 /* Frameworks */,
				3D797D3F28AE93CE001F6A57 /* Resources */,
			);
			buildRules = (
			);
			dependencies = (
				3D797D4328AE93CE001F6A57 /* PBXTargetDependency */,
			);
			name = calculadoraPropinasTests;
			productName = calculadoraPropinasTests;
			productReference = 3D797D4128AE93CE001F6A57 /* calculadoraPropinasTests.xctest */;
			productType = "com.apple.product-type.bundle.unit-test";
		};
		3D797D4B28AE93CE001F6A57 /* calculadoraPropinasUITests */ = {
			isa = PBXNativeTarget;
			buildConfigurationList = 3D797D5B28AE93CE001F6A57 /* Build configuration list for PBXNativeTarget "calculadoraPropinasUITests" */;
			buildPhases = (
				3D797D4828AE93CE001F6A57 /* Sources */,
				3D797D4928AE93CE001F6A57 /* Frameworks */,
				3D797D4A28AE93CE001F6A57 /* Resources */,
			);
			buildRules = (
			);
			dependencies = (
				3D797D4E28AE93CE001F6A57 /* PBXTargetDependency */,
			);
			name = calculadoraPropinasUITests;
			productName = calculadoraPropinasUITests;
			productReference = 3D797D4C28AE93CE001F6A57 /* calculadoraPropinasUITests.xctest */;
			productType = "com.apple.product-type.bundle.ui-testing";
		};
/* End PBXNativeTarget section */

/* Begin PBXProject section */
		3D797D2528AE93BA001F6A57 /* Project object */ = {
			isa = PBXProject;
			attributes = {
				LastSwiftUpdateCheck = 0940;
				LastUpgradeCheck = 0940;
				ORGANIZATIONNAME = Alumno;
				TargetAttributes = {
					3D797D2C28AE93BB001F6A57 = {
						CreatedOnToolsVersion = 9.4.1;
					};
					3D797D4028AE93CE001F6A57 = {
						CreatedOnToolsVersion = 9.4.1;
						TestTargetID = 3D797D2C28AE93BB001F6A57;
					};
					3D797D4B28AE93CE001F6A57 = {
						CreatedOnToolsVersion = 9.4.1;
						TestTargetID = 3D797D2C28AE93BB001F6A57;
					};
				};
			};
			buildConfigurationList = 3D797D2828AE93BA001F6A57 /* Build configuration list for PBXProject "calculadoraPropinas" */;
			compatibilityVersion = "Xcode 9.3";
			developmentRegion = en;
			hasScannedForEncodings = 0;
			knownRegions = (
				en,
				Base,
			);
			mainGroup = 3D797D2428AE93BA001F6A57;
			productRefGroup = 3D797D2E28AE93BB001F6A57 /* Products */;
			projectDirPath = "";
			projectRoot = "";
			targets = (
				3D797D2C28AE93BB001F6A57 /* calculadoraPropinas */,
				3D797D4028AE93CE001F6A57 /* calculadoraPropinasTests */,
				3D797D4B28AE93CE001F6A57 /* calculadoraPropinasUITests */,
			);
		};
/* End PBXProject section */

/* Begin PBXResourcesBuildPhase section */
		3D797D2B28AE93BB001F6A57 /* Resources */ = {
			isa = PBXResourcesBuildPhase;
			buildActionMask = 2147483647;
			files = (
				3D797D3B28AE93CE001F6A57 /* LaunchScreen.storyboard in Resources */,
				3D797D3828AE93CE001F6A57 /* Assets.xcassets in Resources */,
				3D797D3628AE93BB001F6A57 /* Main.storyboard in Resources */,
			);
			runOnlyForDeploymentPostprocessing = 0;
		};
		3D797D3F28AE93CE001F6A57 /* Resources */ = {
			isa = PBXResourcesBuildPhase;
			buildActionMask = 2147483647;
			files = (
			);
			runOnlyForDeploymentPostprocessing = 0;
		};
		3D797D4A28AE93CE001F6A57 /* Resources */ = {
			isa = PBXResourcesBuildPhase;
			buildActionMask = 2147483647;
			files = (
			);
			runOnlyForDeploymentPostprocessing = 0;
		};
/* End PBXResourcesBuildPhase section */

/* Begin PBXSourcesBuildPhase section */
		3D797D2928AE93BB001F6A57 /* Sources */ = {
			isa = PBXSourcesBuildPhase;
			buildActionMask = 2147483647;
			files = (
				3D797D3328AE93BB001F6A57 /* ViewController.swift in Sources */,
				3D797D3128AE93BB001F6A57 /* AppDelegate.swift in Sources */,
			);
			runOnlyForDeploymentPostprocessing = 0;
		};
		3D797D3D28AE93CE001F6A57 /* Sources */ = {
			isa = PBXSourcesBuildPhase;
			buildActionMask = 2147483647;
			files = (
				3D797D4628AE93CE001F6A57 /* calculadoraPropinasTests.swift in Sources */,
			);
			runOnlyForDeploymentPostprocessing = 0;
		};
		3D797D4828AE93CE001F6A57 /* Sources */ = {
			isa = PBXSourcesBuildPhase;
			buildActionMask = 2147483647;
			files = (
				3D797D5128AE93CE001F6A57 /* calculadoraPropinasUITests.swift in Sources */,
			);
			runOnlyForDeploymentPostprocessing = 0;
		};
/* End PBXSourcesBuildPhase section */

/* Begin PBXTargetDependency section */
		3D797D4328AE93CE001F6A57 /* PBXTargetDependency */ = {
			isa = PBXTargetDependency;
			target = 3D797D2C28AE93BB001F6A57 /* calculadoraPropinas */;
			targetProxy = 3D797D4228AE93CE001F6A57 /* PBXContainerItemProxy */;
		};
		3D797D4E28AE93CE001F6A57 /* PBXTargetDependency */ = {
			isa = PBXTargetDependency;
			target = 3D797D2C28AE93BB001F6A57 /* calculadoraPropinas */;
			targetProxy = 3D797D4D28AE93CE001F6A57 /* PBXContainerItemProxy */;
		};
/* End PBXTargetDependency section */

/* Begin PBXVariantGroup section */
		3D797D3428AE93BB001F6A57 /* Main.storyboard */ = {
			isa = PBXVariantGroup;
			children = (
				3D797D3528AE93BB001F6A57 /* Base */,
			);
			name = Main.storyboard;
			sourceTree = "<group>";
		};
		3D797D3928AE93CE001F6A57 /* LaunchScreen.storyboard */ = {
			isa = PBXVariantGroup;
			children = (
				3D797D3A28AE93CE001F6A57 /* Base */,
			);
			name = LaunchScreen.storyboard;
			sourceTree = "<group>";
		};
/* End PBXVariantGroup section */

/* Begin XCBuildConfiguration section */
		3D797D5328AE93CE001F6A57 /* Debug */ = {
			isa = XCBuildConfiguration;
			buildSettings = {
				ALWAYS_SEARCH_USER_PATHS = NO;
				CLANG_ANALYZER_NONNULL = YES;
				CLANG_ANALYZER_NUMBER_OBJECT_CONVERSION = YES_AGGRESSIVE;
				CLANG_CXX_LANGUAGE_STANDARD = "gnu++14";
				CLANG_CXX_LIBRARY = "libc++";
				CLANG_ENABLE_MODULES = YES;
				CLANG_ENABLE_OBJC_ARC = YES;
				CLANG_ENABLE_OBJC_WEAK = YES;
				CLANG_WARN_BLOCK_CAPTURE_AUTORELEASING = YES;
				CLANG_WARN_BOOL_CONVERSION = YES;
				CLANG_WARN_COMMA = YES;
				CLANG_WARN_CONSTANT_CONVERSION = YES;
				CLANG_WARN_DEPRECATED_OBJC_IMPLEMENTATIONS = YES;
				CLANG_WARN_DIRECT_OBJC_ISA_USAGE = YES_ERROR;
				CLANG_WARN_DOCUMENTATION_COMMENTS = YES;
				CLANG_WARN_EMPTY_BODY = YES;
				CLANG_WARN_ENUM_CONVERSION = YES;
				CLANG_WARN_INFINITE_RECURSION = YES;
				CLANG_WARN_INT_CONVERSION = YES;
				CLANG_WARN_NON_LITERAL_NULL_CONVERSION = YES;
				CLANG_WARN_OBJC_IMPLICIT_RETAIN_SELF = YES;
				CLANG_WARN_OBJC_LITERAL_CONVERSION = YES;
				CLANG_WARN_OBJC_ROOT_CLASS = YES_ERROR;
				CLANG_WARN_RANGE_LOOP_ANALYSIS = YES;
				CLANG_WARN_STRICT_PROTOTYPES = YES;
				CLANG_WARN_SUSPICIOUS_MOVE = YES;
				CLANG_WARN_UNGUARDED_AVAILABILITY = YES_AGGRESSIVE;
				CLANG_WARN_UNREACHABLE_CODE = YES;
				CLANG_WARN__DUPLICATE_METHOD_MATCH = YES;
				CODE_SIGN_IDENTITY = "iPhone Developer";
				COPY_PHASE_STRIP = NO;
				DEBUG_INFORMATION_FORMAT = dwarf;
				ENABLE_STRICT_OBJC_MSGSEND = YES;
				ENABLE_TESTABILITY = YES;
				GCC_C_LANGUAGE_STANDARD = gnu11;
				GCC_DYNAMIC_NO_PIC = NO;
				GCC_NO_COMMON_BLOCKS = YES;
				GCC_OPTIMIZATION_LEVEL = 0;
				GCC_PREPROCESSOR_DEFINITIONS = (
					"DEBUG=1",
					"$(inherited)",
				);
				GCC_WARN_64_TO_32_BIT_CONVERSION = YES;
				GCC_WARN_ABOUT_RETURN_TYPE = YES_ERROR;
				GCC_WARN_UNDECLARED_SELECTOR = YES;
				GCC_WARN_UNINITIALIZED_AUTOS = YES_AGGRESSIVE;
				GCC_WARN_UNUSED_FUNCTION = YES;
				GCC_WARN_UNUSED_VARIABLE = YES;
				IPHONEOS_DEPLOYMENT_TARGET = 11.4;
				MTL_ENABLE_DEBUG_INFO = YES;
				ONLY_ACTIVE_ARCH = YES;
				SDKROOT = iphoneos;
				SWIFT_ACTIVE_COMPILATION_CONDITIONS = DEBUG;
				SWIFT_OPTIMIZATION_LEVEL = "-Onone";
			};
			name = Debug;
		};
		3D797D5428AE93CE001F6A57 /* Release */ = {
			isa = XCBuildConfiguration;
			buildSettings = {
				ALWAYS_SEARCH_USER_PATHS = NO;
				CLANG_ANALYZER_NONNULL = YES;
				CLANG_ANALYZER_NUMBER_OBJECT_CONVERSION = YES_AGGRESSIVE;
				CLANG_CXX_LANGUAGE_STANDARD = "gnu++14";
				CLANG_CXX_LIBRARY = "libc++";
				CLANG_ENABLE_MODULES = YES;
				CLANG_ENABLE_OBJC_ARC = YES;
				CLANG_ENABLE_OBJC_WEAK = YES;
				CLANG_WARN_BLOCK_CAPTURE_AUTORELEASING = YES;
				CLANG_WARN_BOOL_CONVERSION = YES;
				CLANG_WARN_COMMA = YES;
				CLANG_WARN_CONSTANT_CONVERSION = YES;
				CLANG_WARN_DEPRECATED_OBJC_IMPLEMENTATIONS = YES;
				CLANG_WARN_DIRECT_OBJC_ISA_USAGE = YES_ERROR;
				CLANG_WARN_DOCUMENTATION_COMMENTS = YES;
				CLANG_WARN_EMPTY_BODY = YES;
				CLANG_WARN_ENUM_CONVERSION = YES;
				CLANG_WARN_INFINITE_RECURSION = YES;
				CLANG_WARN_INT_CONVERSION = YES;
				CLANG_WARN_NON_LITERAL_NULL_CONVERSION = YES;
				CLANG_WARN_OBJC_IMPLICIT_RETAIN_SELF = YES;
				CLANG_WARN_OBJC_LITERAL_CONVERSION = YES;
				CLANG_WARN_OBJC_ROOT_CLASS = YES_ERROR;
				CLANG_WARN_RANGE_LOOP_ANALYSIS = YES;
				CLANG_WARN_STRICT_PROTOTYPES = YES;
				CLANG_WARN_SUSPICIOUS_MOVE = YES;
				CLANG_WARN_UNGUARDED_AVAILABILITY = YES_AGGRESSIVE;
				CLANG_WARN_UNREACHABLE_CODE = YES;
				CLANG_WARN__DUPLICATE_METHOD_MATCH = YES;
				CODE_SIGN_IDENTITY = "iPhone Developer";
				COPY_PHASE_STRIP = NO;
				DEBUG_INFORMATION_FORMAT = "dwarf-with-dsym";
				ENABLE_NS_ASSERTIONS = NO;
				ENABLE_STRICT_OBJC_MSGSEND = YES;
				GCC_C_LANGUAGE_STANDARD = gnu11;
				GCC_NO_COMMON_BLOCKS = YES;
				GCC_WARN_64_TO_32_BIT_CONVERSION = YES;
				GCC_WARN_ABOUT_RETURN_TYPE = YES_ERROR;
				GCC_WARN_UNDECLARED_SELECTOR = YES;
				GCC_WARN_UNINITIALIZED_AUTOS = YES_AGGRESSIVE;
				GCC_WARN_UNUSED_FUNCTION = YES;
				GCC_WARN_UNUSED_VARIABLE = YES;
				IPHONEOS_DEPLOYMENT_TARGET = 11.4;
				MTL_ENABLE_DEBUG_INFO = NO;
				SDKROOT = iphoneos;
				SWIFT_COMPILATION_MODE = wholemodule;
				SWIFT_OPTIMIZATION_LEVEL = "-O";
				VALIDATE_PRODUCT = YES;
			};
			name = Release;
		};
		3D797D5628AE93CE001F6A57 /* Debug */ = {
			isa = XCBuildConfiguration;
			buildSettings = {
				ASSETCATALOG_COMPILER_APPICON_NAME = AppIcon;
				CODE_SIGN_STYLE = Automatic;
				INFOPLIST_FILE = calculadoraPropinas/Info.plist;
				LD_RUNPATH_SEARCH_PATHS = (
					"$(inherited)",
					"@executable_path/Frameworks",
				);
				PRODUCT_BUNDLE_IDENTIFIER = edu.ulsa.calculadoraPropinas;
				PRODUCT_NAME = "$(TARGET_NAME)";
				SWIFT_VERSION = 4.0;
				TARGETED_DEVICE_FAMILY = "1,2";
			};
			name = Debug;
		};
		3D797D5728AE93CE001F6A57 /* Release */ = {
			isa = XCBuildConfiguration;
			buildSettings = {
				ASSETCATALOG_COMPILER_APPICON_NAME = AppIcon;
				CODE_SIGN_STYLE = Automatic;
				INFOPLIST_FILE = calculadoraPropinas/Info.plist;
				LD_RUNPATH_SEARCH_PATHS = (
					"$(inherited)",
					"@executable_path/Frameworks",
				);
				PRODUCT_BUNDLE_IDENTIFIER = edu.ulsa.calculadoraPropinas;
				PRODUCT_NAME = "$(TARGET_NAME)";
				SWIFT_VERSION = 4.0;
				TARGETED_DEVICE_FAMILY = "1,2";
			};
			name = Release;
		};
		3D797D5928AE93CE001F6A57 /* Debug */ = {
			isa = XCBuildConfiguration;
			buildSettings = {
				ALWAYS_EMBED_SWIFT_STANDARD_LIBRARIES = YES;
				BUNDLE_LOADER = "$(TEST_HOST)";
				CODE_SIGN_STYLE = Automatic;
				INFOPLIST_FILE = calculadoraPropinasTests/Info.plist;
				LD_RUNPATH_SEARCH_PATHS = (
					"$(inherited)",
					"@executable_path/Frameworks",
					"@loader_path/Frameworks",
				);
				PRODUCT_BUNDLE_IDENTIFIER = edu.ulsa.calculadoraPropinasTests;
				PRODUCT_NAME = "$(TARGET_NAME)";
				SWIFT_VERSION = 4.0;
				TARGETED_DEVICE_FAMILY = "1,2";
				TEST_HOST = "$(BUILT_PRODUCTS_DIR)/calculadoraPropinas.app/calculadoraPropinas";
			};
			name = Debug;
		};
		3D797D5A28AE93CE001F6A57 /* Release */ = {
			isa = XCBuildConfiguration;
			buildSettings = {
				ALWAYS_EMBED_SWIFT_STANDARD_LIBRARIES = YES;
				BUNDLE_LOADER = "$(TEST_HOST)";
				CODE_SIGN_STYLE = Automatic;
				INFOPLIST_FILE = calculadoraPropinasTests/Info.plist;
				LD_RUNPATH_SEARCH_PATHS = (
					"$(inherited)",
					"@executable_path/Frameworks",
					"@loader_path/Frameworks",
				);
				PRODUCT_BUNDLE_IDENTIFIER = edu.ulsa.calculadoraPropinasTests;
				PRODUCT_NAME = "$(TARGET_NAME)";
				SWIFT_VERSION = 4.0;
				TARGETED_DEVICE_FAMILY = "1,2";
				TEST_HOST = "$(BUILT_PRODUCTS_DIR)/calculadoraPropinas.app/calculadoraPropinas";
			};
			name = Release;
		};
		3D797D5C28AE93CE001F6A57 /* Debug */ = {
			isa = XCBuildConfiguration;
			buildSettings = {
				ALWAYS_EMBED_SWIFT_STANDARD_LIBRARIES = YES;
				CODE_SIGN_STYLE = Automatic;
				INFOPLIST_FILE = calculadoraPropinasUITests/Info.plist;
				LD_RUNPATH_SEARCH_PATHS = (
					"$(inherited)",
					"@executable_path/Frameworks",
					"@loader_path/Frameworks",
				);
				PRODUCT_BUNDLE_IDENTIFIER = edu.ulsa.calculadoraPropinasUITests;
				PRODUCT_NAME = "$(TARGET_NAME)";
				SWIFT_VERSION = 4.0;
				TARGETED_DEVICE_FAMILY = "1,2";
				TEST_TARGET_NAME = calculadoraPropinas;
			};
			name = Debug;
		};
		3D797D5D28AE93CE001F6A57 /* Release */ = {
			isa = XCBuildConfiguration;
			buildSettings = {
				ALWAYS_EMBED_SWIFT_STANDARD_LIBRARIES = YES;
				CODE_SIGN_STYLE = Automatic;
				INFOPLIST_FILE = calculadoraPropinasUITests/Info.plist;
				LD_RUNPATH_SEARCH_PATHS = (
					"$(inherited)",
					"@executable_path/Frameworks",
					"@loader_path/Frameworks",
				);
				PRODUCT_BUNDLE_IDENTIFIER = edu.ulsa.calculadoraPropinasUITests;
				PRODUCT_NAME = "$(TARGET_NAME)";
				SWIFT_VERSION = 4.0;
				TARGETED_DEVICE_FAMILY = "1,2";
				TEST_TARGET_NAME = calculadoraPropinas;
			};
			name = Release;
		};
/* End XCBuildConfiguration section */

/* Begin XCConfigurationList section */
		3D797D2828AE93BA001F6A57 /* Build configuration list for PBXProject "calculadoraPropinas" */ = {
			isa = XCConfigurationList;
			buildConfigurations = (
				3D797D5328AE93CE001F6A57 /* Debug */,
				3D797D5428AE93CE001F6A57 /* Release */,
			);
			defaultConfigurationIsVisible = 0;
			defaultConfigurationName = Release;
		};
		3D797D5528AE93CE001F6A57 /* Build configuration list for PBXNativeTarget "calculadoraPropinas" */ = {
			isa = XCConfigurationList;
			buildConfigurations = (
				3D797D5628AE93CE001F6A57 /* Debug */,
				3D797D5728AE93CE001F6A57 /* Release */,
			);
			defaultConfigurationIsVisible = 0;
			defaultConfigurationName = Release;
		};
		3D797D5828AE93CE001F6A57 /* Build configuration list for PBXNativeTarget "calculadoraPropinasTests" */ = {
			isa = XCConfigurationList;
			buildConfigurations = (
				3D797D5928AE93CE001F6A57 /* Debug */,
				3D797D5A28AE93CE001F6A57 /* Release */,
			);
			defaultConfigurationIsVisible = 0;
			defaultConfigurationName = Release;
		};
		3D797D5B28AE93CE001F6A57 /* Build configuration list for PBXNativeTarget "calculadoraPropinasUITests" */ = {
			isa = XCConfigurationList;
			buildConfigurations = (
				3D797D5C28AE93CE001F6A57 /* Debug */,
				3D797D5D28AE93CE001F6A57 /* Release */,
			);
			defaultConfigurationIsVisible = 0;
			defaultConfigurationName = Release;
		};
/* End XCConfigurationList section */
	};
	rootObject = 3D797D2528AE93BA001F6A57 /* Project object */;
}
